
Microsoft Visual Studio Solution File, Format Version 12.00
# Visual Studio 14
VisualStudioVersion = 14.0.24720.0
MinimumVisualStudioVersion = 10.0.40219.1
Project("{FAE04EC0-301F-11D3-BF4B-00C04F79EFBC}") = "fingerDinglesPOS", "fingerDinglesPOS\fingerDinglesPOS.csproj", "{22760222-D147-4FB1-ABB0-336AD3B60B55}"
EndProject
Project("{2150E333-8FDC-42A3-9474-1A3956D46DE8}") = "PublishScripts", "PublishScripts", "{2040372C-FBB8-4F88-83AB-7A9A47E2386C}"
EndProject
Project("{2150E333-8FDC-42A3-9474-1A3956D46DE8}") = "Scripts", "Scripts", "{B28A18B9-1366-4DB4-B285-83C125B9081C}"
	ProjectSection(SolutionItems) = preProject
		PublishScripts\Scripts\Deploy-AzureResourceGroup.ps1 = PublishScripts\Scripts\Deploy-AzureResourceGroup.ps1
	EndProjectSection
EndProject
Project("{2150E333-8FDC-42A3-9474-1A3956D46DE8}") = "Templates", "Templates", "{3C910707-BA75-4EE1-88C0-96B0B0B0A1D5}"
	ProjectSection(SolutionItems) = preProject
		PublishScripts\Templates\fingerDinglesPOS.json = PublishScripts\Templates\fingerDinglesPOS.json
		PublishScripts\Templates\fingerDinglesPOS.param.dev.json = PublishScripts\Templates\fingerDinglesPOS.param.dev.json
	EndProjectSection
EndProject
Global
	GlobalSection(SolutionConfigurationPlatforms) = preSolution
		Debug|Any CPU = Debug|Any CPU
		Release|Any CPU = Release|Any CPU
	EndGlobalSection
	GlobalSection(ProjectConfigurationPlatforms) = postSolution
		{22760222-D147-4FB1-ABB0-336AD3B60B55}.Debug|Any CPU.ActiveCfg = Debug|Any CPU
		{22760222-D147-4FB1-ABB0-336AD3B60B55}.Debug|Any CPU.Build.0 = Debug|Any CPU
		{22760222-D147-4FB1-ABB0-336AD3B60B55}.Release|Any CPU.ActiveCfg = Release|Any CPU
		{22760222-D147-4FB1-ABB0-336AD3B60B55}.Release|Any CPU.Build.0 = Release|Any CPU
	EndGlobalSection
	GlobalSection(SolutionProperties) = preSolution
		HideSolutionNode = FALSE
	EndGlobalSection
	GlobalSection(NestedProjects) = preSolution
		{B28A18B9-1366-4DB4-B285-83C125B9081C} = {2040372C-FBB8-4F88-83AB-7A9A47E2386C}
		{3C910707-BA75-4EE1-88C0-96B0B0B0A1D5} = {2040372C-FBB8-4F88-83AB-7A9A47E2386C}
	EndGlobalSection
EndGlobal
